
Microsoft Visual Studio Solution File, Format Version 12.00
# Visual Studio Version 17
VisualStudioVersion = 17.14.36623.8 d17.14
MinimumVisualStudioVersion = 10.0.40219.1
Project("{FAE04EC0-301F-11D3-BF4B-00C04F79EFBC}") = "App", "App\App\App.csproj", "{EBAD45EB-AE0A-4AF3-BD6C-D5D268884E83}"
EndProject
Project("{FAE04EC0-301F-11D3-BF4B-00C04F79EFBC}") = "App.Droid", "App\App.Droid\App.Droid.csproj", "{40E92E34-6F99-44BE-BA1C-DD63D40583E9}"
EndProject
Project("{FAE04EC0-301F-11D3-BF4B-00C04F79EFBC}") = "dll", "..\dll\dll\dll.csproj", "{06DAEE0D-1D44-3456-5104-01FB0190CFA5}"
EndProject
Project("{FAE04EC0-301F-11D3-BF4B-00C04F79EFBC}") = "Tests", "..\dll\Tests\Tests.csproj", "{16801DF6-C23C-9030-8DA6-FCC2EA125587}"
EndProject
Global
	GlobalSection(SolutionConfigurationPlatforms) = preSolution
		Debug|Any CPU = Debug|Any CPU
		Release|Any CPU = Release|Any CPU
	EndGlobalSection
	GlobalSection(ProjectConfigurationPlatforms) = postSolution
		{EBAD45EB-AE0A-4AF3-BD6C-D5D268884E83}.Debug|Any CPU.ActiveCfg = Debug|Any CPU
		{EBAD45EB-AE0A-4AF3-BD6C-D5D268884E83}.Debug|Any CPU.Build.0 = Debug|Any CPU
		{EBAD45EB-AE0A-4AF3-BD6C-D5D268884E83}.Release|Any CPU.ActiveCfg = Release|Any CPU
		{EBAD45EB-AE0A-4AF3-BD6C-D5D268884E83}.Release|Any CPU.Build.0 = Release|Any CPU
		{40E92E34-6F99-44BE-BA1C-DD63D40583E9}.Debug|Any CPU.ActiveCfg = Debug|Any CPU
		{40E92E34-6F99-44BE-BA1C-DD63D40583E9}.Debug|Any CPU.Build.0 = Debug|Any CPU
		{40E92E34-6F99-44BE-BA1C-DD63D40583E9}.Debug|Any CPU.Deploy.0 = Debug|Any CPU
		{40E92E34-6F99-44BE-BA1C-DD63D40583E9}.Release|Any CPU.ActiveCfg = Release|Any CPU
		{40E92E34-6F99-44BE-BA1C-DD63D40583E9}.Release|Any CPU.Build.0 = Release|Any CPU
		{40E92E34-6F99-44BE-BA1C-DD63D40583E9}.Release|Any CPU.Deploy.0 = Release|Any CPU
		{06DAEE0D-1D44-3456-5104-01FB0190CFA5}.Debug|Any CPU.ActiveCfg = Debug|Any CPU
		{06DAEE0D-1D44-3456-5104-01FB0190CFA5}.Debug|Any CPU.Build.0 = Debug|Any CPU
		{06DAEE0D-1D44-3456-5104-01FB0190CFA5}.Release|Any CPU.ActiveCfg = Release|Any CPU
		{06DAEE0D-1D44-3456-5104-01FB0190CFA5}.Release|Any CPU.Build.0 = Release|Any CPU
		{16801DF6-C23C-9030-8DA6-FCC2EA125587}.Debug|Any CPU.ActiveCfg = Debug|Any CPU
		{16801DF6-C23C-9030-8DA6-FCC2EA125587}.Debug|Any CPU.Build.0 = Debug|Any CPU
		{16801DF6-C23C-9030-8DA6-FCC2EA125587}.Release|Any CPU.ActiveCfg = Release|Any CPU
		{16801DF6-C23C-9030-8DA6-FCC2EA125587}.Release|Any CPU.Build.0 = Release|Any CPU
	EndGlobalSection
	GlobalSection(SolutionProperties) = preSolution
		HideSolutionNode = FALSE
	EndGlobalSection
	GlobalSection(ExtensibilityGlobals) = postSolution
		SolutionGuid = {7F752DF6-0FD3-4B31-BE1F-0CA7C9D5FE5B}
	EndGlobalSection
EndGlobal
