
Microsoft Visual Studio Solution File, Format Version 12.00
# Visual Studio Version 17
VisualStudioVersion = 17.14.36623.8
MinimumVisualStudioVersion = 10.0.40219.1
Project("{FAE04EC0-301F-11D3-BF4B-00C04F79EFBC}") = "dll", "dll\dll.csproj", "{E239BD40-5E8A-4C59-A7CF-64717EE6BC82}"
EndProject
Project("{FAE04EC0-301F-11D3-BF4B-00C04F79EFBC}") = "Tests", "Tests\Tests.csproj", "{3ADECFD8-D2BD-4C7B-918C-26AEFA95074B}"
EndProject
Global
	GlobalSection(SolutionConfigurationPlatforms) = preSolution
		Debug|Any CPU = Debug|Any CPU
		Release|Any CPU = Release|Any CPU
	EndGlobalSection
	GlobalSection(ProjectConfigurationPlatforms) = postSolution
		{E239BD40-5E8A-4C59-A7CF-64717EE6BC82}.Debug|Any CPU.ActiveCfg = Debug|Any CPU
		{E239BD40-5E8A-4C59-A7CF-64717EE6BC82}.Debug|Any CPU.Build.0 = Debug|Any CPU
		{E239BD40-5E8A-4C59-A7CF-64717EE6BC82}.Release|Any CPU.ActiveCfg = Release|Any CPU
		{E239BD40-5E8A-4C59-A7CF-64717EE6BC82}.Release|Any CPU.Build.0 = Release|Any CPU
		{3ADECFD8-D2BD-4C7B-918C-26AEFA95074B}.Debug|Any CPU.ActiveCfg = Debug|Any CPU
		{3ADECFD8-D2BD-4C7B-918C-26AEFA95074B}.Debug|Any CPU.Build.0 = Debug|Any CPU
		{3ADECFD8-D2BD-4C7B-918C-26AEFA95074B}.Release|Any CPU.ActiveCfg = Release|Any CPU
		{3ADECFD8-D2BD-4C7B-918C-26AEFA95074B}.Release|Any CPU.Build.0 = Release|Any CPU
	EndGlobalSection
	GlobalSection(SolutionProperties) = preSolution
		HideSolutionNode = FALSE
	EndGlobalSection
	GlobalSection(ExtensibilityGlobals) = postSolution
		SolutionGuid = {950F9A55-D1F4-4F2C-A99E-7F635BEF3713}
	EndGlobalSection
EndGlobal
